
Microsoft Visual Studio Solution File, Format Version 12.00
# Visual Studio Version 16
VisualStudioVersion = 16.0.32126.315
MinimumVisualStudioVersion = 10.0.40219.1
Project("{FAE04EC0-301F-11D3-BF4B-00C04F79EFBC}") = "CalculadoraCom", "CalculadoraCom\CalculadoraCom.csproj", "{75DBDB12-0AED-4A1E-BBAE-24041EE9DCA3}"
EndProject
Global
	GlobalSection(SolutionConfigurationPlatforms) = preSolution
		Debug|Any CPU = Debug|Any CPU
		Release|Any CPU = Release|Any CPU
	EndGlobalSection
	GlobalSection(ProjectConfigurationPlatforms) = postSolution
		{75DBDB12-0AED-4A1E-BBAE-24041EE9DCA3}.Debug|Any CPU.ActiveCfg = Debug|Any CPU
		{75DBDB12-0AED-4A1E-BBAE-24041EE9DCA3}.Debug|Any CPU.Build.0 = Debug|Any CPU
		{75DBDB12-0AED-4A1E-BBAE-24041EE9DCA3}.Release|Any CPU.ActiveCfg = Release|Any CPU
		{75DBDB12-0AED-4A1E-BBAE-24041EE9DCA3}.Release|Any CPU.Build.0 = Release|Any CPU
	EndGlobalSection
	GlobalSection(SolutionProperties) = preSolution
		HideSolutionNode = FALSE
	EndGlobalSection
	GlobalSection(ExtensibilityGlobals) = postSolution
		SolutionGuid = {D9C16092-6221-41DF-82A4-A6BC33B0B41E}
	EndGlobalSection
EndGlobal
